
Microsoft Visual Studio Solution File, Format Version 12.00
# Visual Studio 15
VisualStudioVersion = 15.0.28307.106
MinimumVisualStudioVersion = 10.0.40219.1
Project("{FAE04EC0-301F-11D3-BF4B-00C04F79EFBC}") = "cards stack", "cards stack\cards stack.csproj", "{E75C6E3A-D4F1-48A6-98BF-63640C676B3D}"
EndProject
Global
	GlobalSection(SolutionConfigurationPlatforms) = preSolution
		Debug|Any CPU = Debug|Any CPU
		Release|Any CPU = Release|Any CPU
	EndGlobalSection
	GlobalSection(ProjectConfigurationPlatforms) = postSolution
		{E75C6E3A-D4F1-48A6-98BF-63640C676B3D}.Debug|Any CPU.ActiveCfg = Debug|Any CPU
		{E75C6E3A-D4F1-48A6-98BF-63640C676B3D}.Debug|Any CPU.Build.0 = Debug|Any CPU
		{E75C6E3A-D4F1-48A6-98BF-63640C676B3D}.Release|Any CPU.ActiveCfg = Release|Any CPU
		{E75C6E3A-D4F1-48A6-98BF-63640C676B3D}.Release|Any CPU.Build.0 = Release|Any CPU
	EndGlobalSection
	GlobalSection(SolutionProperties) = preSolution
		HideSolutionNode = FALSE
	EndGlobalSection
	GlobalSection(ExtensibilityGlobals) = postSolution
		SolutionGuid = {94509CDA-2BE0-4486-887F-CAE9BAFD1F8A}
	EndGlobalSection
EndGlobal
