
Microsoft Visual Studio Solution File, Format Version 12.00
# Visual Studio Version 16
VisualStudioVersion = 16.0.30128.74
MinimumVisualStudioVersion = 10.0.40219.1
Project("{9A19103F-16F7-4668-BE54-9A1E7A4F7556}") = "lists Hardcore", "lists Hardcore.csproj", "{0B4293F3-C03A-4101-A06D-2E85F3AA54AD}"
EndProject
Project("{FAE04EC0-301F-11D3-BF4B-00C04F79EFBC}") = "MixedUpLists", "..\MixedUpLists\MixedUpLists.csproj", "{D30966D7-330C-49CC-AABB-E9AAFA5D4A9F}"
EndProject
Global
	GlobalSection(SolutionConfigurationPlatforms) = preSolution
		Debug|Any CPU = Debug|Any CPU
		Release|Any CPU = Release|Any CPU
	EndGlobalSection
	GlobalSection(ProjectConfigurationPlatforms) = postSolution
		{0B4293F3-C03A-4101-A06D-2E85F3AA54AD}.Debug|Any CPU.ActiveCfg = Debug|Any CPU
		{0B4293F3-C03A-4101-A06D-2E85F3AA54AD}.Debug|Any CPU.Build.0 = Debug|Any CPU
		{0B4293F3-C03A-4101-A06D-2E85F3AA54AD}.Release|Any CPU.ActiveCfg = Release|Any CPU
		{0B4293F3-C03A-4101-A06D-2E85F3AA54AD}.Release|Any CPU.Build.0 = Release|Any CPU
		{D30966D7-330C-49CC-AABB-E9AAFA5D4A9F}.Debug|Any CPU.ActiveCfg = Debug|Any CPU
		{D30966D7-330C-49CC-AABB-E9AAFA5D4A9F}.Debug|Any CPU.Build.0 = Debug|Any CPU
		{D30966D7-330C-49CC-AABB-E9AAFA5D4A9F}.Release|Any CPU.ActiveCfg = Release|Any CPU
		{D30966D7-330C-49CC-AABB-E9AAFA5D4A9F}.Release|Any CPU.Build.0 = Release|Any CPU
	EndGlobalSection
	GlobalSection(SolutionProperties) = preSolution
		HideSolutionNode = FALSE
	EndGlobalSection
	GlobalSection(ExtensibilityGlobals) = postSolution
		SolutionGuid = {DED1D3C3-074A-427A-8D1E-57DE73426FB5}
	EndGlobalSection
EndGlobal
