
Microsoft Visual Studio Solution File, Format Version 12.00
# Visual Studio 15
VisualStudioVersion = 15.0.28307.106
MinimumVisualStudioVersion = 10.0.40219.1
Project("{FAE04EC0-301F-11D3-BF4B-00C04F79EFBC}") = "User Randomise", "User Randomise\User Randomise.csproj", "{94B4FB5F-3672-4AF0-8E69-C1367FAF7F13}"
EndProject
Global
	GlobalSection(SolutionConfigurationPlatforms) = preSolution
		Debug|Any CPU = Debug|Any CPU
		Release|Any CPU = Release|Any CPU
	EndGlobalSection
	GlobalSection(ProjectConfigurationPlatforms) = postSolution
		{94B4FB5F-3672-4AF0-8E69-C1367FAF7F13}.Debug|Any CPU.ActiveCfg = Debug|Any CPU
		{94B4FB5F-3672-4AF0-8E69-C1367FAF7F13}.Debug|Any CPU.Build.0 = Debug|Any CPU
		{94B4FB5F-3672-4AF0-8E69-C1367FAF7F13}.Release|Any CPU.ActiveCfg = Release|Any CPU
		{94B4FB5F-3672-4AF0-8E69-C1367FAF7F13}.Release|Any CPU.Build.0 = Release|Any CPU
	EndGlobalSection
	GlobalSection(SolutionProperties) = preSolution
		HideSolutionNode = FALSE
	EndGlobalSection
	GlobalSection(ExtensibilityGlobals) = postSolution
		SolutionGuid = {8155FB5E-F49A-453F-B59E-9332BAACDCA6}
	EndGlobalSection
EndGlobal
