
Microsoft Visual Studio Solution File, Format Version 12.00
# Visual Studio Version 16
VisualStudioVersion = 16.0.29728.190
MinimumVisualStudioVersion = 10.0.40219.1
Project("{9A19103F-16F7-4668-BE54-9A1E7A4F7556}") = "File and FileInfo", "File and FileInfo.csproj", "{413DBF7D-F39E-47CF-9E6F-7E205B0B3A50}"
EndProject
Project("{FAE04EC0-301F-11D3-BF4B-00C04F79EFBC}") = "Directory and DirectoryInfo", "..\Directory and DirectoryInfo\Directory and DirectoryInfo.csproj", "{3D80B2AF-5D15-4317-9A87-DF71BB954AE8}"
EndProject
Global
	GlobalSection(SolutionConfigurationPlatforms) = preSolution
		Debug|Any CPU = Debug|Any CPU
		Release|Any CPU = Release|Any CPU
	EndGlobalSection
	GlobalSection(ProjectConfigurationPlatforms) = postSolution
		{413DBF7D-F39E-47CF-9E6F-7E205B0B3A50}.Debug|Any CPU.ActiveCfg = Debug|Any CPU
		{413DBF7D-F39E-47CF-9E6F-7E205B0B3A50}.Debug|Any CPU.Build.0 = Debug|Any CPU
		{413DBF7D-F39E-47CF-9E6F-7E205B0B3A50}.Release|Any CPU.ActiveCfg = Release|Any CPU
		{413DBF7D-F39E-47CF-9E6F-7E205B0B3A50}.Release|Any CPU.Build.0 = Release|Any CPU
		{3D80B2AF-5D15-4317-9A87-DF71BB954AE8}.Debug|Any CPU.ActiveCfg = Debug|Any CPU
		{3D80B2AF-5D15-4317-9A87-DF71BB954AE8}.Debug|Any CPU.Build.0 = Debug|Any CPU
		{3D80B2AF-5D15-4317-9A87-DF71BB954AE8}.Release|Any CPU.ActiveCfg = Release|Any CPU
		{3D80B2AF-5D15-4317-9A87-DF71BB954AE8}.Release|Any CPU.Build.0 = Release|Any CPU
	EndGlobalSection
	GlobalSection(SolutionProperties) = preSolution
		HideSolutionNode = FALSE
	EndGlobalSection
	GlobalSection(ExtensibilityGlobals) = postSolution
		SolutionGuid = {0440050F-39DA-4D44-A7DC-7C00DAA58D9F}
	EndGlobalSection
EndGlobal
