
Microsoft Visual Studio Solution File, Format Version 12.00
# Visual Studio 15
VisualStudioVersion = 15.0.28307.572
MinimumVisualStudioVersion = 10.0.40219.1
Project("{FAE04EC0-301F-11D3-BF4B-00C04F79EFBC}") = "Darts", "Darts\Darts.csproj", "{AA4EF776-EDB6-48C9-AE97-1C8C2D8FBC79}"
EndProject
Global
	GlobalSection(SolutionConfigurationPlatforms) = preSolution
		Debug|Any CPU = Debug|Any CPU
		Release|Any CPU = Release|Any CPU
	EndGlobalSection
	GlobalSection(ProjectConfigurationPlatforms) = postSolution
		{AA4EF776-EDB6-48C9-AE97-1C8C2D8FBC79}.Debug|Any CPU.ActiveCfg = Debug|Any CPU
		{AA4EF776-EDB6-48C9-AE97-1C8C2D8FBC79}.Debug|Any CPU.Build.0 = Debug|Any CPU
		{AA4EF776-EDB6-48C9-AE97-1C8C2D8FBC79}.Release|Any CPU.ActiveCfg = Release|Any CPU
		{AA4EF776-EDB6-48C9-AE97-1C8C2D8FBC79}.Release|Any CPU.Build.0 = Release|Any CPU
	EndGlobalSection
	GlobalSection(SolutionProperties) = preSolution
		HideSolutionNode = FALSE
	EndGlobalSection
	GlobalSection(ExtensibilityGlobals) = postSolution
		SolutionGuid = {892A06A7-67A3-4EE3-9E4B-24750C861714}
	EndGlobalSection
EndGlobal
