
Microsoft Visual Studio Solution File, Format Version 12.00
# Visual Studio 15
VisualStudioVersion = 15.0.28307.106
MinimumVisualStudioVersion = 10.0.40219.1
Project("{FAE04EC0-301F-11D3-BF4B-00C04F79EFBC}") = "hashes", "hashes\hashes.csproj", "{7DD06A18-0B11-4789-8BED-9363EB0A9EFF}"
EndProject
Global
	GlobalSection(SolutionConfigurationPlatforms) = preSolution
		Debug|Any CPU = Debug|Any CPU
		Release|Any CPU = Release|Any CPU
	EndGlobalSection
	GlobalSection(ProjectConfigurationPlatforms) = postSolution
		{7DD06A18-0B11-4789-8BED-9363EB0A9EFF}.Debug|Any CPU.ActiveCfg = Debug|Any CPU
		{7DD06A18-0B11-4789-8BED-9363EB0A9EFF}.Debug|Any CPU.Build.0 = Debug|Any CPU
		{7DD06A18-0B11-4789-8BED-9363EB0A9EFF}.Release|Any CPU.ActiveCfg = Release|Any CPU
		{7DD06A18-0B11-4789-8BED-9363EB0A9EFF}.Release|Any CPU.Build.0 = Release|Any CPU
	EndGlobalSection
	GlobalSection(SolutionProperties) = preSolution
		HideSolutionNode = FALSE
	EndGlobalSection
	GlobalSection(ExtensibilityGlobals) = postSolution
		SolutionGuid = {E20AA111-B191-4B0D-AC4F-0F5EA3C3E723}
	EndGlobalSection
EndGlobal
