
Microsoft Visual Studio Solution File, Format Version 12.00
# Visual Studio Version 16
VisualStudioVersion = 16.0.30128.74
MinimumVisualStudioVersion = 10.0.40219.1
Project("{FAE04EC0-301F-11D3-BF4B-00C04F79EFBC}") = "Hackerrank 2.07", "Hackerrank 2.07.csproj", "{0AF3000E-8D64-4AF8-BF40-16C6C4370D28}"
EndProject
Global
	GlobalSection(SolutionConfigurationPlatforms) = preSolution
		Debug|Any CPU = Debug|Any CPU
		Release|Any CPU = Release|Any CPU
	EndGlobalSection
	GlobalSection(ProjectConfigurationPlatforms) = postSolution
		{0AF3000E-8D64-4AF8-BF40-16C6C4370D28}.Debug|Any CPU.ActiveCfg = Debug|Any CPU
		{0AF3000E-8D64-4AF8-BF40-16C6C4370D28}.Debug|Any CPU.Build.0 = Debug|Any CPU
		{0AF3000E-8D64-4AF8-BF40-16C6C4370D28}.Release|Any CPU.ActiveCfg = Release|Any CPU
		{0AF3000E-8D64-4AF8-BF40-16C6C4370D28}.Release|Any CPU.Build.0 = Release|Any CPU
	EndGlobalSection
	GlobalSection(SolutionProperties) = preSolution
		HideSolutionNode = FALSE
	EndGlobalSection
	GlobalSection(ExtensibilityGlobals) = postSolution
		SolutionGuid = {E999DE53-9EB3-4F73-A3BE-3B58BCEAF764}
	EndGlobalSection
EndGlobal
