
Microsoft Visual Studio Solution File, Format Version 12.00
# Visual Studio 15
VisualStudioVersion = 15.0.28307.106
MinimumVisualStudioVersion = 10.0.40219.1
Project("{FAE04EC0-301F-11D3-BF4B-00C04F79EFBC}") = "E-book", "E-book\E-book.csproj", "{327FFAD4-D9EE-4721-A416-1EB8571BD845}"
EndProject
Global
	GlobalSection(SolutionConfigurationPlatforms) = preSolution
		Debug|Any CPU = Debug|Any CPU
		Release|Any CPU = Release|Any CPU
	EndGlobalSection
	GlobalSection(ProjectConfigurationPlatforms) = postSolution
		{327FFAD4-D9EE-4721-A416-1EB8571BD845}.Debug|Any CPU.ActiveCfg = Debug|Any CPU
		{327FFAD4-D9EE-4721-A416-1EB8571BD845}.Debug|Any CPU.Build.0 = Debug|Any CPU
		{327FFAD4-D9EE-4721-A416-1EB8571BD845}.Release|Any CPU.ActiveCfg = Release|Any CPU
		{327FFAD4-D9EE-4721-A416-1EB8571BD845}.Release|Any CPU.Build.0 = Release|Any CPU
	EndGlobalSection
	GlobalSection(SolutionProperties) = preSolution
		HideSolutionNode = FALSE
	EndGlobalSection
	GlobalSection(ExtensibilityGlobals) = postSolution
		SolutionGuid = {33C19B8C-5DB6-4441-AB3F-646B0507672F}
	EndGlobalSection
EndGlobal
