
Microsoft Visual Studio Solution File, Format Version 12.00
# Visual Studio Version 16
VisualStudioVersion = 16.0.29326.143
MinimumVisualStudioVersion = 10.0.40219.1
Project("{FAE04EC0-301F-11D3-BF4B-00C04F79EFBC}") = "mosh exercises", "mosh exercises.csproj", "{E8A3125E-7003-41D7-82C4-F42E6D05EC94}"
EndProject
Global
	GlobalSection(SolutionConfigurationPlatforms) = preSolution
		Debug|Any CPU = Debug|Any CPU
		Release|Any CPU = Release|Any CPU
	EndGlobalSection
	GlobalSection(ProjectConfigurationPlatforms) = postSolution
		{E8A3125E-7003-41D7-82C4-F42E6D05EC94}.Debug|Any CPU.ActiveCfg = Debug|Any CPU
		{E8A3125E-7003-41D7-82C4-F42E6D05EC94}.Debug|Any CPU.Build.0 = Debug|Any CPU
		{E8A3125E-7003-41D7-82C4-F42E6D05EC94}.Release|Any CPU.ActiveCfg = Release|Any CPU
		{E8A3125E-7003-41D7-82C4-F42E6D05EC94}.Release|Any CPU.Build.0 = Release|Any CPU
	EndGlobalSection
	GlobalSection(SolutionProperties) = preSolution
		HideSolutionNode = FALSE
	EndGlobalSection
	GlobalSection(ExtensibilityGlobals) = postSolution
		SolutionGuid = {22529950-372F-4194-9C0E-95AC6A6BC713}
	EndGlobalSection
EndGlobal
