
Microsoft Visual Studio Solution File, Format Version 12.00
# Visual Studio 15
VisualStudioVersion = 15.0.28307.106
MinimumVisualStudioVersion = 10.0.40219.1
Project("{FAE04EC0-301F-11D3-BF4B-00C04F79EFBC}") = "CopyString Exercise", "CopyString Exercise\CopyString Exercise.csproj", "{750CB5E6-A17D-4464-B24F-4D8D0D29C576}"
EndProject
Global
	GlobalSection(SolutionConfigurationPlatforms) = preSolution
		Debug|Any CPU = Debug|Any CPU
		Release|Any CPU = Release|Any CPU
	EndGlobalSection
	GlobalSection(ProjectConfigurationPlatforms) = postSolution
		{750CB5E6-A17D-4464-B24F-4D8D0D29C576}.Debug|Any CPU.ActiveCfg = Debug|Any CPU
		{750CB5E6-A17D-4464-B24F-4D8D0D29C576}.Debug|Any CPU.Build.0 = Debug|Any CPU
		{750CB5E6-A17D-4464-B24F-4D8D0D29C576}.Release|Any CPU.ActiveCfg = Release|Any CPU
		{750CB5E6-A17D-4464-B24F-4D8D0D29C576}.Release|Any CPU.Build.0 = Release|Any CPU
	EndGlobalSection
	GlobalSection(SolutionProperties) = preSolution
		HideSolutionNode = FALSE
	EndGlobalSection
	GlobalSection(ExtensibilityGlobals) = postSolution
		SolutionGuid = {19A6FE67-DB90-4370-AE1B-8971187762BB}
	EndGlobalSection
EndGlobal
