
Microsoft Visual Studio Solution File, Format Version 12.00
# Visual Studio 15
VisualStudioVersion = 15.0.28307.572
MinimumVisualStudioVersion = 10.0.40219.1
Project("{FAE04EC0-301F-11D3-BF4B-00C04F79EFBC}") = "Jump high", "Jump high\Jump high.csproj", "{D9510E71-391F-4B8B-9489-5E7289BCA2C5}"
EndProject
Global
	GlobalSection(SolutionConfigurationPlatforms) = preSolution
		Debug|Any CPU = Debug|Any CPU
		Release|Any CPU = Release|Any CPU
	EndGlobalSection
	GlobalSection(ProjectConfigurationPlatforms) = postSolution
		{D9510E71-391F-4B8B-9489-5E7289BCA2C5}.Debug|Any CPU.ActiveCfg = Debug|Any CPU
		{D9510E71-391F-4B8B-9489-5E7289BCA2C5}.Debug|Any CPU.Build.0 = Debug|Any CPU
		{D9510E71-391F-4B8B-9489-5E7289BCA2C5}.Release|Any CPU.ActiveCfg = Release|Any CPU
		{D9510E71-391F-4B8B-9489-5E7289BCA2C5}.Release|Any CPU.Build.0 = Release|Any CPU
	EndGlobalSection
	GlobalSection(SolutionProperties) = preSolution
		HideSolutionNode = FALSE
	EndGlobalSection
	GlobalSection(ExtensibilityGlobals) = postSolution
		SolutionGuid = {212FFA2C-66F8-468D-AD8A-3E8A56BC58EF}
	EndGlobalSection
EndGlobal
