
Microsoft Visual Studio Solution File, Format Version 12.00
# Visual Studio Version 16
VisualStudioVersion = 16.0.30128.74
MinimumVisualStudioVersion = 10.0.40219.1
Project("{9A19103F-16F7-4668-BE54-9A1E7A4F7556}") = "list-ex", "list-ex.csproj", "{307119F2-C81F-42F6-BFE5-56C14DFA2681}"
EndProject
Project("{FAE04EC0-301F-11D3-BF4B-00C04F79EFBC}") = "Pokemon Don't Go", "..\Pokemon Don't Go\Pokemon Don't Go.csproj", "{4C117287-DEC4-40FC-996C-51FDB806982A}"
EndProject
Global
	GlobalSection(SolutionConfigurationPlatforms) = preSolution
		Debug|Any CPU = Debug|Any CPU
		Release|Any CPU = Release|Any CPU
	EndGlobalSection
	GlobalSection(ProjectConfigurationPlatforms) = postSolution
		{307119F2-C81F-42F6-BFE5-56C14DFA2681}.Debug|Any CPU.ActiveCfg = Debug|Any CPU
		{307119F2-C81F-42F6-BFE5-56C14DFA2681}.Debug|Any CPU.Build.0 = Debug|Any CPU
		{307119F2-C81F-42F6-BFE5-56C14DFA2681}.Release|Any CPU.ActiveCfg = Release|Any CPU
		{307119F2-C81F-42F6-BFE5-56C14DFA2681}.Release|Any CPU.Build.0 = Release|Any CPU
		{4C117287-DEC4-40FC-996C-51FDB806982A}.Debug|Any CPU.ActiveCfg = Debug|Any CPU
		{4C117287-DEC4-40FC-996C-51FDB806982A}.Debug|Any CPU.Build.0 = Debug|Any CPU
		{4C117287-DEC4-40FC-996C-51FDB806982A}.Release|Any CPU.ActiveCfg = Release|Any CPU
		{4C117287-DEC4-40FC-996C-51FDB806982A}.Release|Any CPU.Build.0 = Release|Any CPU
	EndGlobalSection
	GlobalSection(SolutionProperties) = preSolution
		HideSolutionNode = FALSE
	EndGlobalSection
	GlobalSection(ExtensibilityGlobals) = postSolution
		SolutionGuid = {20F5C90E-93D9-46FA-B5BB-CFDC497FA872}
	EndGlobalSection
EndGlobal
