
Microsoft Visual Studio Solution File, Format Version 12.00
# Visual Studio 15
VisualStudioVersion = 15.0.28307.106
MinimumVisualStudioVersion = 10.0.40219.1
Project("{FAE04EC0-301F-11D3-BF4B-00C04F79EFBC}") = "Zadanie1", "Zadanie1\Zadanie1.csproj", "{9F131FCB-5D43-4154-B6BD-84D47B053769}"
EndProject
Global
	GlobalSection(SolutionConfigurationPlatforms) = preSolution
		Debug|Any CPU = Debug|Any CPU
		Release|Any CPU = Release|Any CPU
	EndGlobalSection
	GlobalSection(ProjectConfigurationPlatforms) = postSolution
		{9F131FCB-5D43-4154-B6BD-84D47B053769}.Debug|Any CPU.ActiveCfg = Debug|Any CPU
		{9F131FCB-5D43-4154-B6BD-84D47B053769}.Debug|Any CPU.Build.0 = Debug|Any CPU
		{9F131FCB-5D43-4154-B6BD-84D47B053769}.Release|Any CPU.ActiveCfg = Release|Any CPU
		{9F131FCB-5D43-4154-B6BD-84D47B053769}.Release|Any CPU.Build.0 = Release|Any CPU
	EndGlobalSection
	GlobalSection(SolutionProperties) = preSolution
		HideSolutionNode = FALSE
	EndGlobalSection
	GlobalSection(ExtensibilityGlobals) = postSolution
		SolutionGuid = {8B1F13D5-CA16-4C83-8039-443480C5DA4D}
	EndGlobalSection
EndGlobal
