
Microsoft Visual Studio Solution File, Format Version 12.00
# Visual Studio 15
VisualStudioVersion = 15.0.28307.106
MinimumVisualStudioVersion = 10.0.40219.1
Project("{FAE04EC0-301F-11D3-BF4B-00C04F79EFBC}") = "Calculator", "Calculator\Calculator.csproj", "{76034875-060C-4F7D-BA95-18EBE577FF67}"
EndProject
Global
	GlobalSection(SolutionConfigurationPlatforms) = preSolution
		Debug|Any CPU = Debug|Any CPU
		Release|Any CPU = Release|Any CPU
	EndGlobalSection
	GlobalSection(ProjectConfigurationPlatforms) = postSolution
		{76034875-060C-4F7D-BA95-18EBE577FF67}.Debug|Any CPU.ActiveCfg = Debug|Any CPU
		{76034875-060C-4F7D-BA95-18EBE577FF67}.Debug|Any CPU.Build.0 = Debug|Any CPU
		{76034875-060C-4F7D-BA95-18EBE577FF67}.Release|Any CPU.ActiveCfg = Release|Any CPU
		{76034875-060C-4F7D-BA95-18EBE577FF67}.Release|Any CPU.Build.0 = Release|Any CPU
	EndGlobalSection
	GlobalSection(SolutionProperties) = preSolution
		HideSolutionNode = FALSE
	EndGlobalSection
	GlobalSection(ExtensibilityGlobals) = postSolution
		SolutionGuid = {AB6284B7-4DAF-4126-90E4-6D6A716B7F30}
	EndGlobalSection
EndGlobal
