
Microsoft Visual Studio Solution File, Format Version 12.00
# Visual Studio Version 16
VisualStudioVersion = 16.0.30128.74
MinimumVisualStudioVersion = 10.0.40219.1
Project("{FAE04EC0-301F-11D3-BF4B-00C04F79EFBC}") = "associative arrays", "associative arrays.csproj", "{BB3DFDB8-8646-478F-92E7-69495DE288F3}"
EndProject
Global
	GlobalSection(SolutionConfigurationPlatforms) = preSolution
		Debug|Any CPU = Debug|Any CPU
		Release|Any CPU = Release|Any CPU
	EndGlobalSection
	GlobalSection(ProjectConfigurationPlatforms) = postSolution
		{BB3DFDB8-8646-478F-92E7-69495DE288F3}.Debug|Any CPU.ActiveCfg = Debug|Any CPU
		{BB3DFDB8-8646-478F-92E7-69495DE288F3}.Debug|Any CPU.Build.0 = Debug|Any CPU
		{BB3DFDB8-8646-478F-92E7-69495DE288F3}.Release|Any CPU.ActiveCfg = Release|Any CPU
		{BB3DFDB8-8646-478F-92E7-69495DE288F3}.Release|Any CPU.Build.0 = Release|Any CPU
	EndGlobalSection
	GlobalSection(SolutionProperties) = preSolution
		HideSolutionNode = FALSE
	EndGlobalSection
	GlobalSection(ExtensibilityGlobals) = postSolution
		SolutionGuid = {5EEF7DAB-F051-4247-AA87-0ACB896FE7E0}
	EndGlobalSection
EndGlobal
