
Microsoft Visual Studio Solution File, Format Version 12.00
# Visual Studio 15
VisualStudioVersion = 15.0.28307.106
MinimumVisualStudioVersion = 10.0.40219.1
Project("{FAE04EC0-301F-11D3-BF4B-00C04F79EFBC}") = "smt", "smt\smt.csproj", "{FCAAC467-A2F0-4414-B819-4033B95C28BD}"
EndProject
Global
	GlobalSection(SolutionConfigurationPlatforms) = preSolution
		Debug|Any CPU = Debug|Any CPU
		Release|Any CPU = Release|Any CPU
	EndGlobalSection
	GlobalSection(ProjectConfigurationPlatforms) = postSolution
		{FCAAC467-A2F0-4414-B819-4033B95C28BD}.Debug|Any CPU.ActiveCfg = Debug|Any CPU
		{FCAAC467-A2F0-4414-B819-4033B95C28BD}.Debug|Any CPU.Build.0 = Debug|Any CPU
		{FCAAC467-A2F0-4414-B819-4033B95C28BD}.Release|Any CPU.ActiveCfg = Release|Any CPU
		{FCAAC467-A2F0-4414-B819-4033B95C28BD}.Release|Any CPU.Build.0 = Release|Any CPU
	EndGlobalSection
	GlobalSection(SolutionProperties) = preSolution
		HideSolutionNode = FALSE
	EndGlobalSection
	GlobalSection(ExtensibilityGlobals) = postSolution
		SolutionGuid = {B9553C98-4953-49A5-A98A-5E0C125C0C6C}
	EndGlobalSection
EndGlobal
