
Microsoft Visual Studio Solution File, Format Version 12.00
# Visual Studio Version 16
VisualStudioVersion = 16.0.29709.97
MinimumVisualStudioVersion = 10.0.40219.1
Project("{FAE04EC0-301F-11D3-BF4B-00C04F79EFBC}") = "Honorarium", "Honorarium.csproj", "{FE28E003-9245-45A7-A8E1-259D5C32BC6D}"
EndProject
Global
	GlobalSection(SolutionConfigurationPlatforms) = preSolution
		Debug|Any CPU = Debug|Any CPU
		Release|Any CPU = Release|Any CPU
	EndGlobalSection
	GlobalSection(ProjectConfigurationPlatforms) = postSolution
		{FE28E003-9245-45A7-A8E1-259D5C32BC6D}.Debug|Any CPU.ActiveCfg = Debug|Any CPU
		{FE28E003-9245-45A7-A8E1-259D5C32BC6D}.Debug|Any CPU.Build.0 = Debug|Any CPU
		{FE28E003-9245-45A7-A8E1-259D5C32BC6D}.Release|Any CPU.ActiveCfg = Release|Any CPU
		{FE28E003-9245-45A7-A8E1-259D5C32BC6D}.Release|Any CPU.Build.0 = Release|Any CPU
	EndGlobalSection
	GlobalSection(SolutionProperties) = preSolution
		HideSolutionNode = FALSE
	EndGlobalSection
	GlobalSection(ExtensibilityGlobals) = postSolution
		SolutionGuid = {1951B307-7785-4C47-B0EC-2E73362D53CB}
	EndGlobalSection
EndGlobal
