
Microsoft Visual Studio Solution File, Format Version 12.00
# Visual Studio Version 16
VisualStudioVersion = 16.0.29728.190
MinimumVisualStudioVersion = 10.0.40219.1
Project("{FAE04EC0-301F-11D3-BF4B-00C04F79EFBC}") = "Algorithm", "Algorithm.csproj", "{FEDD50FD-CA57-483D-B739-B23C8AF5A426}"
EndProject
Global
	GlobalSection(SolutionConfigurationPlatforms) = preSolution
		Debug|Any CPU = Debug|Any CPU
		Release|Any CPU = Release|Any CPU
	EndGlobalSection
	GlobalSection(ProjectConfigurationPlatforms) = postSolution
		{FEDD50FD-CA57-483D-B739-B23C8AF5A426}.Debug|Any CPU.ActiveCfg = Debug|Any CPU
		{FEDD50FD-CA57-483D-B739-B23C8AF5A426}.Debug|Any CPU.Build.0 = Debug|Any CPU
		{FEDD50FD-CA57-483D-B739-B23C8AF5A426}.Release|Any CPU.ActiveCfg = Release|Any CPU
		{FEDD50FD-CA57-483D-B739-B23C8AF5A426}.Release|Any CPU.Build.0 = Release|Any CPU
	EndGlobalSection
	GlobalSection(SolutionProperties) = preSolution
		HideSolutionNode = FALSE
	EndGlobalSection
	GlobalSection(ExtensibilityGlobals) = postSolution
		SolutionGuid = {440412A9-A353-4FB7-AA65-ED1E0A0FFDF5}
	EndGlobalSection
EndGlobal
