
Microsoft Visual Studio Solution File, Format Version 12.00
# Visual Studio Version 16
VisualStudioVersion = 16.0.29326.143
MinimumVisualStudioVersion = 10.0.40219.1
Project("{FAE04EC0-301F-11D3-BF4B-00C04F79EFBC}") = "Lists", "Lists.csproj", "{FCEEDA36-339F-4DED-BBF0-568BEDAB4B33}"
EndProject
Global
	GlobalSection(SolutionConfigurationPlatforms) = preSolution
		Debug|Any CPU = Debug|Any CPU
		Release|Any CPU = Release|Any CPU
	EndGlobalSection
	GlobalSection(ProjectConfigurationPlatforms) = postSolution
		{FCEEDA36-339F-4DED-BBF0-568BEDAB4B33}.Debug|Any CPU.ActiveCfg = Debug|Any CPU
		{FCEEDA36-339F-4DED-BBF0-568BEDAB4B33}.Debug|Any CPU.Build.0 = Debug|Any CPU
		{FCEEDA36-339F-4DED-BBF0-568BEDAB4B33}.Release|Any CPU.ActiveCfg = Release|Any CPU
		{FCEEDA36-339F-4DED-BBF0-568BEDAB4B33}.Release|Any CPU.Build.0 = Release|Any CPU
	EndGlobalSection
	GlobalSection(SolutionProperties) = preSolution
		HideSolutionNode = FALSE
	EndGlobalSection
	GlobalSection(ExtensibilityGlobals) = postSolution
		SolutionGuid = {8B0ED2A1-9195-4BB0-A763-41C9E989D10D}
	EndGlobalSection
EndGlobal
