
Microsoft Visual Studio Solution File, Format Version 12.00
# Visual Studio Version 16
VisualStudioVersion = 16.0.29728.190
MinimumVisualStudioVersion = 10.0.40219.1
Project("{FAE04EC0-301F-11D3-BF4B-00C04F79EFBC}") = "String", "String.csproj", "{CBADFF85-C1E5-4F30-8A8B-427D5E6399E3}"
EndProject
Global
	GlobalSection(SolutionConfigurationPlatforms) = preSolution
		Debug|Any CPU = Debug|Any CPU
		Release|Any CPU = Release|Any CPU
	EndGlobalSection
	GlobalSection(ProjectConfigurationPlatforms) = postSolution
		{CBADFF85-C1E5-4F30-8A8B-427D5E6399E3}.Debug|Any CPU.ActiveCfg = Debug|Any CPU
		{CBADFF85-C1E5-4F30-8A8B-427D5E6399E3}.Debug|Any CPU.Build.0 = Debug|Any CPU
		{CBADFF85-C1E5-4F30-8A8B-427D5E6399E3}.Release|Any CPU.ActiveCfg = Release|Any CPU
		{CBADFF85-C1E5-4F30-8A8B-427D5E6399E3}.Release|Any CPU.Build.0 = Release|Any CPU
	EndGlobalSection
	GlobalSection(SolutionProperties) = preSolution
		HideSolutionNode = FALSE
	EndGlobalSection
	GlobalSection(ExtensibilityGlobals) = postSolution
		SolutionGuid = {C61705A5-14F7-4EB7-96F7-608614B593FF}
	EndGlobalSection
EndGlobal
