
Microsoft Visual Studio Solution File, Format Version 12.00
# Visual Studio Version 16
VisualStudioVersion = 16.0.29728.190
MinimumVisualStudioVersion = 10.0.40219.1
Project("{FAE04EC0-301F-11D3-BF4B-00C04F79EFBC}") = "Data types and Variables", "Data types and Variables.csproj", "{42279EDE-01F7-44CA-9A58-2A97632DD914}"
EndProject
Global
	GlobalSection(SolutionConfigurationPlatforms) = preSolution
		Debug|Any CPU = Debug|Any CPU
		Release|Any CPU = Release|Any CPU
	EndGlobalSection
	GlobalSection(ProjectConfigurationPlatforms) = postSolution
		{42279EDE-01F7-44CA-9A58-2A97632DD914}.Debug|Any CPU.ActiveCfg = Debug|Any CPU
		{42279EDE-01F7-44CA-9A58-2A97632DD914}.Debug|Any CPU.Build.0 = Debug|Any CPU
		{42279EDE-01F7-44CA-9A58-2A97632DD914}.Release|Any CPU.ActiveCfg = Release|Any CPU
		{42279EDE-01F7-44CA-9A58-2A97632DD914}.Release|Any CPU.Build.0 = Release|Any CPU
	EndGlobalSection
	GlobalSection(SolutionProperties) = preSolution
		HideSolutionNode = FALSE
	EndGlobalSection
	GlobalSection(ExtensibilityGlobals) = postSolution
		SolutionGuid = {89092645-D9EA-4963-BA2F-ABEF63C3DFA4}
	EndGlobalSection
EndGlobal
