
Microsoft Visual Studio Solution File, Format Version 12.00
# Visual Studio Version 16
VisualStudioVersion = 16.0.30128.74
MinimumVisualStudioVersion = 10.0.40219.1
Project("{FAE04EC0-301F-11D3-BF4B-00C04F79EFBC}") = "trainingMid", "trainingMid.csproj", "{EF09CB0E-BC5E-4128-936C-966157B97A15}"
EndProject
Project("{FAE04EC0-301F-11D3-BF4B-00C04F79EFBC}") = "shooter", "..\shooter\shooter.csproj", "{528BE946-A6FC-4D6D-AF08-1495BAAFD474}"
EndProject
Project("{FAE04EC0-301F-11D3-BF4B-00C04F79EFBC}") = "movie", "..\movie\movie.csproj", "{668E4A1A-B2FA-415D-9F16-726AF0A46E7E}"
EndProject
Global
	GlobalSection(SolutionConfigurationPlatforms) = preSolution
		Debug|Any CPU = Debug|Any CPU
		Release|Any CPU = Release|Any CPU
	EndGlobalSection
	GlobalSection(ProjectConfigurationPlatforms) = postSolution
		{EF09CB0E-BC5E-4128-936C-966157B97A15}.Debug|Any CPU.ActiveCfg = Debug|Any CPU
		{EF09CB0E-BC5E-4128-936C-966157B97A15}.Debug|Any CPU.Build.0 = Debug|Any CPU
		{EF09CB0E-BC5E-4128-936C-966157B97A15}.Release|Any CPU.ActiveCfg = Release|Any CPU
		{EF09CB0E-BC5E-4128-936C-966157B97A15}.Release|Any CPU.Build.0 = Release|Any CPU
		{528BE946-A6FC-4D6D-AF08-1495BAAFD474}.Debug|Any CPU.ActiveCfg = Debug|Any CPU
		{528BE946-A6FC-4D6D-AF08-1495BAAFD474}.Debug|Any CPU.Build.0 = Debug|Any CPU
		{528BE946-A6FC-4D6D-AF08-1495BAAFD474}.Release|Any CPU.ActiveCfg = Release|Any CPU
		{528BE946-A6FC-4D6D-AF08-1495BAAFD474}.Release|Any CPU.Build.0 = Release|Any CPU
		{668E4A1A-B2FA-415D-9F16-726AF0A46E7E}.Debug|Any CPU.ActiveCfg = Debug|Any CPU
		{668E4A1A-B2FA-415D-9F16-726AF0A46E7E}.Debug|Any CPU.Build.0 = Debug|Any CPU
		{668E4A1A-B2FA-415D-9F16-726AF0A46E7E}.Release|Any CPU.ActiveCfg = Release|Any CPU
		{668E4A1A-B2FA-415D-9F16-726AF0A46E7E}.Release|Any CPU.Build.0 = Release|Any CPU
	EndGlobalSection
	GlobalSection(SolutionProperties) = preSolution
		HideSolutionNode = FALSE
	EndGlobalSection
	GlobalSection(ExtensibilityGlobals) = postSolution
		SolutionGuid = {6F10374B-4F4C-4B2C-AD1E-62501C219515}
	EndGlobalSection
EndGlobal
