
Microsoft Visual Studio Solution File, Format Version 12.00
# Visual Studio 15
VisualStudioVersion = 15.0.28307.572
MinimumVisualStudioVersion = 10.0.40219.1
Project("{FAE04EC0-301F-11D3-BF4B-00C04F79EFBC}") = "Division without remainder", "Division without remainder\Division without remainder.csproj", "{93F287D2-5BB4-465D-8EF5-953F375E81F7}"
EndProject
Global
	GlobalSection(SolutionConfigurationPlatforms) = preSolution
		Debug|Any CPU = Debug|Any CPU
		Release|Any CPU = Release|Any CPU
	EndGlobalSection
	GlobalSection(ProjectConfigurationPlatforms) = postSolution
		{93F287D2-5BB4-465D-8EF5-953F375E81F7}.Debug|Any CPU.ActiveCfg = Debug|Any CPU
		{93F287D2-5BB4-465D-8EF5-953F375E81F7}.Debug|Any CPU.Build.0 = Debug|Any CPU
		{93F287D2-5BB4-465D-8EF5-953F375E81F7}.Release|Any CPU.ActiveCfg = Release|Any CPU
		{93F287D2-5BB4-465D-8EF5-953F375E81F7}.Release|Any CPU.Build.0 = Release|Any CPU
	EndGlobalSection
	GlobalSection(SolutionProperties) = preSolution
		HideSolutionNode = FALSE
	EndGlobalSection
	GlobalSection(ExtensibilityGlobals) = postSolution
		SolutionGuid = {8ADBE895-D91D-419F-B2D5-CD3E93AF5E80}
	EndGlobalSection
EndGlobal
