
Microsoft Visual Studio Solution File, Format Version 12.00
# Visual Studio Version 16
VisualStudioVersion = 16.0.30128.74
MinimumVisualStudioVersion = 10.0.40219.1
Project("{FAE04EC0-301F-11D3-BF4B-00C04F79EFBC}") = "methods mosh", "methods mosh.csproj", "{F960736A-8182-4F68-87BC-0814191E11BD}"
EndProject
Project("{FAE04EC0-301F-11D3-BF4B-00C04F79EFBC}") = "StackOverpflow Post", "..\StackOverpflow Post\StackOverpflow Post.csproj", "{352ECDC1-859E-498B-9D53-76501C0919DE}"
EndProject
Global
	GlobalSection(SolutionConfigurationPlatforms) = preSolution
		Debug|Any CPU = Debug|Any CPU
		Release|Any CPU = Release|Any CPU
	EndGlobalSection
	GlobalSection(ProjectConfigurationPlatforms) = postSolution
		{F960736A-8182-4F68-87BC-0814191E11BD}.Debug|Any CPU.ActiveCfg = Debug|Any CPU
		{F960736A-8182-4F68-87BC-0814191E11BD}.Debug|Any CPU.Build.0 = Debug|Any CPU
		{F960736A-8182-4F68-87BC-0814191E11BD}.Release|Any CPU.ActiveCfg = Release|Any CPU
		{F960736A-8182-4F68-87BC-0814191E11BD}.Release|Any CPU.Build.0 = Release|Any CPU
		{352ECDC1-859E-498B-9D53-76501C0919DE}.Debug|Any CPU.ActiveCfg = Debug|Any CPU
		{352ECDC1-859E-498B-9D53-76501C0919DE}.Debug|Any CPU.Build.0 = Debug|Any CPU
		{352ECDC1-859E-498B-9D53-76501C0919DE}.Release|Any CPU.ActiveCfg = Release|Any CPU
		{352ECDC1-859E-498B-9D53-76501C0919DE}.Release|Any CPU.Build.0 = Release|Any CPU
	EndGlobalSection
	GlobalSection(SolutionProperties) = preSolution
		HideSolutionNode = FALSE
	EndGlobalSection
	GlobalSection(ExtensibilityGlobals) = postSolution
		SolutionGuid = {0F5863DB-D51E-467B-9D43-BBDA98A3FDF4}
	EndGlobalSection
EndGlobal
