
Microsoft Visual Studio Solution File, Format Version 12.00
# Visual Studio Version 16
VisualStudioVersion = 16.0.30320.27
MinimumVisualStudioVersion = 10.0.40219.1
Project("{FAE04EC0-301F-11D3-BF4B-00C04F79EFBC}") = "Password reset", "Password reset\Password reset.csproj", "{6810030A-2884-48A1-B005-395AC1BD96F5}"
EndProject
Project("{FAE04EC0-301F-11D3-BF4B-00C04F79EFBC}") = "Fancy Barcodes", "Fancy Barcodes\Fancy Barcodes.csproj", "{41120D09-7A32-47B0-846E-3BC2BFF87668}"
EndProject
Project("{FAE04EC0-301F-11D3-BF4B-00C04F79EFBC}") = "MMORPG Heroes", "MMORPG Heroes\MMORPG Heroes.csproj", "{E9CA07E8-604F-46F2-A5D8-F7EC558F936C}"
EndProject
Global
	GlobalSection(SolutionConfigurationPlatforms) = preSolution
		Debug|Any CPU = Debug|Any CPU
		Release|Any CPU = Release|Any CPU
	EndGlobalSection
	GlobalSection(ProjectConfigurationPlatforms) = postSolution
		{6810030A-2884-48A1-B005-395AC1BD96F5}.Debug|Any CPU.ActiveCfg = Debug|Any CPU
		{6810030A-2884-48A1-B005-395AC1BD96F5}.Debug|Any CPU.Build.0 = Debug|Any CPU
		{6810030A-2884-48A1-B005-395AC1BD96F5}.Release|Any CPU.ActiveCfg = Release|Any CPU
		{6810030A-2884-48A1-B005-395AC1BD96F5}.Release|Any CPU.Build.0 = Release|Any CPU
		{41120D09-7A32-47B0-846E-3BC2BFF87668}.Debug|Any CPU.ActiveCfg = Debug|Any CPU
		{41120D09-7A32-47B0-846E-3BC2BFF87668}.Debug|Any CPU.Build.0 = Debug|Any CPU
		{41120D09-7A32-47B0-846E-3BC2BFF87668}.Release|Any CPU.ActiveCfg = Release|Any CPU
		{41120D09-7A32-47B0-846E-3BC2BFF87668}.Release|Any CPU.Build.0 = Release|Any CPU
		{E9CA07E8-604F-46F2-A5D8-F7EC558F936C}.Debug|Any CPU.ActiveCfg = Debug|Any CPU
		{E9CA07E8-604F-46F2-A5D8-F7EC558F936C}.Debug|Any CPU.Build.0 = Debug|Any CPU
		{E9CA07E8-604F-46F2-A5D8-F7EC558F936C}.Release|Any CPU.ActiveCfg = Release|Any CPU
		{E9CA07E8-604F-46F2-A5D8-F7EC558F936C}.Release|Any CPU.Build.0 = Release|Any CPU
	EndGlobalSection
	GlobalSection(SolutionProperties) = preSolution
		HideSolutionNode = FALSE
	EndGlobalSection
	GlobalSection(ExtensibilityGlobals) = postSolution
		SolutionGuid = {9E1A48C1-37A7-45E5-B925-05BE3C7F787D}
	EndGlobalSection
EndGlobal
