
Microsoft Visual Studio Solution File, Format Version 12.00
# Visual Studio 15
VisualStudioVersion = 15.0.28307.106
MinimumVisualStudioVersion = 10.0.40219.1
Project("{FAE04EC0-301F-11D3-BF4B-00C04F79EFBC}") = "Exponents and powers", "Exponents and powers\Exponents and powers.csproj", "{359F375A-2B21-4E31-8B49-41C7F350608F}"
EndProject
Global
	GlobalSection(SolutionConfigurationPlatforms) = preSolution
		Debug|Any CPU = Debug|Any CPU
		Release|Any CPU = Release|Any CPU
	EndGlobalSection
	GlobalSection(ProjectConfigurationPlatforms) = postSolution
		{359F375A-2B21-4E31-8B49-41C7F350608F}.Debug|Any CPU.ActiveCfg = Debug|Any CPU
		{359F375A-2B21-4E31-8B49-41C7F350608F}.Debug|Any CPU.Build.0 = Debug|Any CPU
		{359F375A-2B21-4E31-8B49-41C7F350608F}.Release|Any CPU.ActiveCfg = Release|Any CPU
		{359F375A-2B21-4E31-8B49-41C7F350608F}.Release|Any CPU.Build.0 = Release|Any CPU
	EndGlobalSection
	GlobalSection(SolutionProperties) = preSolution
		HideSolutionNode = FALSE
	EndGlobalSection
	GlobalSection(ExtensibilityGlobals) = postSolution
		SolutionGuid = {6A478D74-D3B4-4D36-9A8B-F4FA8D73703F}
	EndGlobalSection
EndGlobal
