
Microsoft Visual Studio Solution File, Format Version 12.00
# Visual Studio Version 16
VisualStudioVersion = 16.0.29025.244
MinimumVisualStudioVersion = 10.0.40219.1
Project("{FAE04EC0-301F-11D3-BF4B-00C04F79EFBC}") = "Get and set", "Get and set.csproj", "{BFB6158A-8BF9-434E-9C1C-584584F406BA}"
EndProject
Global
	GlobalSection(SolutionConfigurationPlatforms) = preSolution
		Debug|Any CPU = Debug|Any CPU
		Release|Any CPU = Release|Any CPU
	EndGlobalSection
	GlobalSection(ProjectConfigurationPlatforms) = postSolution
		{BFB6158A-8BF9-434E-9C1C-584584F406BA}.Debug|Any CPU.ActiveCfg = Debug|Any CPU
		{BFB6158A-8BF9-434E-9C1C-584584F406BA}.Debug|Any CPU.Build.0 = Debug|Any CPU
		{BFB6158A-8BF9-434E-9C1C-584584F406BA}.Release|Any CPU.ActiveCfg = Release|Any CPU
		{BFB6158A-8BF9-434E-9C1C-584584F406BA}.Release|Any CPU.Build.0 = Release|Any CPU
	EndGlobalSection
	GlobalSection(SolutionProperties) = preSolution
		HideSolutionNode = FALSE
	EndGlobalSection
	GlobalSection(ExtensibilityGlobals) = postSolution
		SolutionGuid = {16C60C41-618B-4365-AFDB-A1F3447C6DFA}
	EndGlobalSection
EndGlobal
