
Microsoft Visual Studio Solution File, Format Version 12.00
# Visual Studio 15
VisualStudioVersion = 15.0.28307.572
MinimumVisualStudioVersion = 10.0.40219.1
Project("{FAE04EC0-301F-11D3-BF4B-00C04F79EFBC}") = "ExamResultCalc", "ExamResultCalc\ExamResultCalc.csproj", "{5DAFF687-A224-4AE6-BF4B-AC436835BCEC}"
EndProject
Global
	GlobalSection(SolutionConfigurationPlatforms) = preSolution
		Debug|Any CPU = Debug|Any CPU
		Release|Any CPU = Release|Any CPU
	EndGlobalSection
	GlobalSection(ProjectConfigurationPlatforms) = postSolution
		{5DAFF687-A224-4AE6-BF4B-AC436835BCEC}.Debug|Any CPU.ActiveCfg = Debug|Any CPU
		{5DAFF687-A224-4AE6-BF4B-AC436835BCEC}.Debug|Any CPU.Build.0 = Debug|Any CPU
		{5DAFF687-A224-4AE6-BF4B-AC436835BCEC}.Release|Any CPU.ActiveCfg = Release|Any CPU
		{5DAFF687-A224-4AE6-BF4B-AC436835BCEC}.Release|Any CPU.Build.0 = Release|Any CPU
	EndGlobalSection
	GlobalSection(SolutionProperties) = preSolution
		HideSolutionNode = FALSE
	EndGlobalSection
	GlobalSection(ExtensibilityGlobals) = postSolution
		SolutionGuid = {D65A415B-732D-4B0C-8536-605383F49246}
	EndGlobalSection
EndGlobal
